{
  "name": "birch-typeahead",
  "version": "3.0.0",
  "lockfileVersion": 1,
  "requires": true,
  "dependencies": {
    "fs-globals": {
      "version": "github:fs-webdev/fs-globals#826fbd00ffc3a63972cf9cdaaa52d0687388547d",
      "from": "github:fs-webdev/fs-globals#modulizerTesting"
    },
    "fs-styles": {
      "version": "github:fs-webdev/fs-styles#19209a6a99f32f85251992c5dfa02a57d3c50591",
      "from": "github:fs-webdev/fs-styles#modulizer"
    }
  }
}
